Microsoft Visual Studio Solution File, Format Version 12.00
# Visual Studio 16
Project("{8BC9CEB8-8B4A-11D0-8D11-00A0C91BC942}") = "ALL_BUILD", "ALL_BUILD.vcxproj", "{9095B650-0278-3E1F-9D09-86C206908D11}"
	ProjectSection(ProjectDependencies) = postProject
		{551FAD3D-35FB-3836-A747-4CCA864DCA2C} = {551FAD3D-35FB-3836-A747-4CCA864DCA2C}
		{2FA317FD-367B-3B93-A401-6BB86C69BA32} = {2FA317FD-367B-3B93-A401-6BB86C69BA32}
	EndProjectSection
EndProject
Project("{8BC9CEB8-8B4A-11D0-8D11-00A0C91BC942}") = "Engine", "Engine.vcxproj", "{551FAD3D-35FB-3836-A747-4CCA864DCA2C}"
	ProjectSection(ProjectDependencies) = postProject
		{2FA317FD-367B-3B93-A401-6BB86C69BA32} = {2FA317FD-367B-3B93-A401-6BB86C69BA32}
	EndProjectSection
EndProject
Project("{8BC9CEB8-8B4A-11D0-8D11-00A0C91BC942}") = "ZERO_CHECK", "ZERO_CHECK.vcxproj", "{2FA317FD-367B-3B93-A401-6BB86C69BA32}"
	ProjectSection(ProjectDependencies) = postProject
	EndProjectSection
EndProject
Global
	GlobalSection(SolutionConfigurationPlatforms) = preSolution
		Debug|x64 = Debug|x64
		Release|x64 = Release|x64
		MinSizeRel|x64 = MinSizeRel|x64
		RelWithDebInfo|x64 = RelWithDebInfo|x64
	EndGlobalSection
	GlobalSection(ProjectConfigurationPlatforms) = postSolution
		{9095B650-0278-3E1F-9D09-86C206908D11}.Debug|x64.ActiveCfg = Debug|x64
		{9095B650-0278-3E1F-9D09-86C206908D11}.Release|x64.ActiveCfg = Release|x64
		{9095B650-0278-3E1F-9D09-86C206908D11}.MinSizeRel|x64.ActiveCfg = MinSizeRel|x64
		{9095B650-0278-3E1F-9D09-86C206908D11}.RelWithDebInfo|x64.ActiveCfg = RelWithDebInfo|x64
		{551FAD3D-35FB-3836-A747-4CCA864DCA2C}.Debug|x64.ActiveCfg = Debug|x64
		{551FAD3D-35FB-3836-A747-4CCA864DCA2C}.Debug|x64.Build.0 = Debug|x64
		{551FAD3D-35FB-3836-A747-4CCA864DCA2C}.Release|x64.ActiveCfg = Release|x64
		{551FAD3D-35FB-3836-A747-4CCA864DCA2C}.Release|x64.Build.0 = Release|x64
		{551FAD3D-35FB-3836-A747-4CCA864DCA2C}.MinSizeRel|x64.ActiveCfg = MinSizeRel|x64
		{551FAD3D-35FB-3836-A747-4CCA864DCA2C}.MinSizeRel|x64.Build.0 = MinSizeRel|x64
		{551FAD3D-35FB-3836-A747-4CCA864DCA2C}.RelWithDebInfo|x64.ActiveCfg = RelWithDebInfo|x64
		{551FAD3D-35FB-3836-A747-4CCA864DCA2C}.RelWithDebInfo|x64.Build.0 = RelWithDebInfo|x64
		{2FA317FD-367B-3B93-A401-6BB86C69BA32}.Debug|x64.ActiveCfg = Debug|x64
		{2FA317FD-367B-3B93-A401-6BB86C69BA32}.Debug|x64.Build.0 = Debug|x64
		{2FA317FD-367B-3B93-A401-6BB86C69BA32}.Release|x64.ActiveCfg = Release|x64
		{2FA317FD-367B-3B93-A401-6BB86C69BA32}.Release|x64.Build.0 = Release|x64
		{2FA317FD-367B-3B93-A401-6BB86C69BA32}.MinSizeRel|x64.ActiveCfg = MinSizeRel|x64
		{2FA317FD-367B-3B93-A401-6BB86C69BA32}.MinSizeRel|x64.Build.0 = MinSizeRel|x64
		{2FA317FD-367B-3B93-A401-6BB86C69BA32}.RelWithDebInfo|x64.ActiveCfg = RelWithDebInfo|x64
		{2FA317FD-367B-3B93-A401-6BB86C69BA32}.RelWithDebInfo|x64.Build.0 = RelWithDebInfo|x64
	EndGlobalSection
	GlobalSection(ExtensibilityGlobals) = postSolution
		SolutionGuid = {6D104C06-99AB-30E5-9147-627522DF9CF1}
	EndGlobalSection
	GlobalSection(ExtensibilityAddIns) = postSolution
	EndGlobalSection
EndGlobal
