<?xml version="1.0" encoding="utf-8"?>
<Project ToolsVersion="4.0" xmlns="http://schemas.microsoft.com/developer/msbuild/2003">
  <ItemGroup>
    <Filter Include="Runtime Modifiable">
      <UniqueIdentifier>{5813c8da-37a7-4b30-8dc8-f60492031945}</UniqueIdentifier>
    </Filter>
    <Filter Include="Runtime Interface">
      <UniqueIdentifier>{4175ef5c-c1d1-4554-ab67-ffed2a120026}</UniqueIdentifier>
    </Filter>
  </ItemGroup>
  <ItemGroup>
    <ClCompile Include="PixalArtPainter.cpp" />
  </ItemGroup>
</Project>